
Microsoft Visual Studio Solution File, Format Version 12.00
# Visual Studio Version 16
VisualStudioVersion = 16.0.29215.179
MinimumVisualStudioVersion = 10.0.40219.1
Project("{FAE04EC0-301F-11D3-BF4B-00C04F79EFBC}") = "UMusic", "UMusic\UMusic.csproj", "{0A9893D3-FF1A-47FC-8BDC-3598CF583EAE}"
EndProject
Project("{9A19103F-16F7-4668-BE54-9A1E7A4F7556}") = "UMusic.Core", "UMusic.Core\UMusic.Core.csproj", "{4DA1B681-1BB3-4D76-B2CE-6499C49A5846}"
EndProject
Global
	GlobalSection(SolutionConfigurationPlatforms) = preSolution
		Debug|Any CPU = Debug|Any CPU
		Debug|ARM = Debug|ARM
		Debug|x64 = Debug|x64
		Debug|x86 = Debug|x86
		Release|Any CPU = Release|Any CPU
		Release|ARM = Release|ARM
		Release|x64 = Release|x64
		Release|x86 = Release|x86
	EndGlobalSection
	GlobalSection(ProjectConfigurationPlatforms) = postSolution
		{0A9893D3-FF1A-47FC-8BDC-3598CF583EAE}.Debug|Any CPU.ActiveCfg = Debug|x86
		{0A9893D3-FF1A-47FC-8BDC-3598CF583EAE}.Debug|ARM.ActiveCfg = Debug|ARM
		{0A9893D3-FF1A-47FC-8BDC-3598CF583EAE}.Debug|ARM.Build.0 = Debug|ARM
		{0A9893D3-FF1A-47FC-8BDC-3598CF583EAE}.Debug|ARM.Deploy.0 = Debug|ARM
		{0A9893D3-FF1A-47FC-8BDC-3598CF583EAE}.Debug|x64.ActiveCfg = Debug|x64
		{0A9893D3-FF1A-47FC-8BDC-3598CF583EAE}.Debug|x64.Build.0 = Debug|x64
		{0A9893D3-FF1A-47FC-8BDC-3598CF583EAE}.Debug|x64.Deploy.0 = Debug|x64
		{0A9893D3-FF1A-47FC-8BDC-3598CF583EAE}.Debug|x86.ActiveCfg = Debug|x86
		{0A9893D3-FF1A-47FC-8BDC-3598CF583EAE}.Debug|x86.Build.0 = Debug|x86
		{0A9893D3-FF1A-47FC-8BDC-3598CF583EAE}.Debug|x86.Deploy.0 = Debug|x86
		{0A9893D3-FF1A-47FC-8BDC-3598CF583EAE}.Release|Any CPU.ActiveCfg = Release|x86
		{0A9893D3-FF1A-47FC-8BDC-3598CF583EAE}.Release|ARM.ActiveCfg = Release|ARM
		{0A9893D3-FF1A-47FC-8BDC-3598CF583EAE}.Release|ARM.Build.0 = Release|ARM
		{0A9893D3-FF1A-47FC-8BDC-3598CF583EAE}.Release|ARM.Deploy.0 = Release|ARM
		{0A9893D3-FF1A-47FC-8BDC-3598CF583EAE}.Release|x64.ActiveCfg = Release|x64
		{0A9893D3-FF1A-47FC-8BDC-3598CF583EAE}.Release|x64.Build.0 = Release|x64
		{0A9893D3-FF1A-47FC-8BDC-3598CF583EAE}.Release|x64.Deploy.0 = Release|x64
		{0A9893D3-FF1A-47FC-8BDC-3598CF583EAE}.Release|x86.ActiveCfg = Release|x86
		{0A9893D3-FF1A-47FC-8BDC-3598CF583EAE}.Release|x86.Build.0 = Release|x86
		{0A9893D3-FF1A-47FC-8BDC-3598CF583EAE}.Release|x86.Deploy.0 = Release|x86
		{4DA1B681-1BB3-4D76-B2CE-6499C49A5846}.Debug|Any CPU.ActiveCfg = Debug|Any CPU
		{4DA1B681-1BB3-4D76-B2CE-6499C49A5846}.Debug|Any CPU.Build.0 = Debug|Any CPU
		{4DA1B681-1BB3-4D76-B2CE-6499C49A5846}.Debug|ARM.ActiveCfg = Debug|Any CPU
		{4DA1B681-1BB3-4D76-B2CE-6499C49A5846}.Debug|ARM.Build.0 = Debug|Any CPU
		{4DA1B681-1BB3-4D76-B2CE-6499C49A5846}.Debug|x64.ActiveCfg = Debug|Any CPU
		{4DA1B681-1BB3-4D76-B2CE-6499C49A5846}.Debug|x64.Build.0 = Debug|Any CPU
		{4DA1B681-1BB3-4D76-B2CE-6499C49A5846}.Debug|x86.ActiveCfg = Debug|Any CPU
		{4DA1B681-1BB3-4D76-B2CE-6499C49A5846}.Debug|x86.Build.0 = Debug|Any CPU
		{4DA1B681-1BB3-4D76-B2CE-6499C49A5846}.Release|Any CPU.ActiveCfg = Release|Any CPU
		{4DA1B681-1BB3-4D76-B2CE-6499C49A5846}.Release|Any CPU.Build.0 = Release|Any CPU
		{4DA1B681-1BB3-4D76-B2CE-6499C49A5846}.Release|ARM.ActiveCfg = Release|Any CPU
		{4DA1B681-1BB3-4D76-B2CE-6499C49A5846}.Release|ARM.Build.0 = Release|Any CPU
		{4DA1B681-1BB3-4D76-B2CE-6499C49A5846}.Release|x64.ActiveCfg = Release|Any CPU
		{4DA1B681-1BB3-4D76-B2CE-6499C49A5846}.Release|x64.Build.0 = Release|Any CPU
		{4DA1B681-1BB3-4D76-B2CE-6499C49A5846}.Release|x86.ActiveCfg = Release|Any CPU
		{4DA1B681-1BB3-4D76-B2CE-6499C49A5846}.Release|x86.Build.0 = Release|Any CPU
	EndGlobalSection
	GlobalSection(SolutionProperties) = preSolution
		HideSolutionNode = FALSE
	EndGlobalSection
	GlobalSection(ExtensibilityGlobals) = postSolution
		SolutionGuid = {E5928304-347A-40EA-80ED-EE6241551662}
	EndGlobalSection
EndGlobal
